{
  "name": "a2spa",
  "version": "1.0.0",
  "lockfileVersion": 1,
  "requires": true,
  "dependencies": {
    "@types/geojson": {
      "version": "https://registry.npmjs.org/@types/geojson/-/geojson-7946.0.0.tgz",
      "integrity": "sha1-6Lx06Bg9lmRV+CAj8McuEHKpUtA="
    },
    "@types/highcharts": {
      "version": "https://registry.npmjs.org/@types/highcharts/-/highcharts-4.2.57.tgz",
      "integrity": "sha1-91aQf8F1bDFIpiJu+r01IKiSnbk=",
      "requires": {
        "@types/geojson": "https://registry.npmjs.org/@types/geojson/-/geojson-7946.0.0.tgz"
      }
    },
    "angular2-highcharts": {
      "version": "0.5.5",
      "resolved": "https://registry.npmjs.org/angular2-highcharts/-/angular2-highcharts-0.5.5.tgz",
      "integrity": "sha1-9KGeqW1jUkQg/VxlE2rAJ7BSZv0=",
      "requires": {
        "@types/highcharts": "https://registry.npmjs.org/@types/highcharts/-/highcharts-4.2.57.tgz",
        "highcharts": "https://registry.npmjs.org/highcharts/-/highcharts-5.0.14.tgz"
      },
      "dependencies": {
        "highcharts": {
          "version": "https://registry.npmjs.org/highcharts/-/highcharts-5.0.14.tgz",
          "integrity": "sha1-DvFMyp8TRUCFaLUz2uFHiVDZaBA="
        }
      }
    },
    "core-js": {
      "version": "https://registry.npmjs.org/core-js/-/core-js-2.5.3.tgz",
      "integrity": "sha1-isw4NFgk8W2DZbfJtCWRaOjtYD4="
    },
    "material-design-icons": {
      "version": "https://registry.npmjs.org/material-design-icons/-/material-design-icons-3.0.1.tgz",
      "integrity": "sha1-mnHEh0chjrylHlGmbaaCA4zct78="
    },
    "moment": {
      "version": "https://registry.npmjs.org/moment/-/moment-2.20.1.tgz",
      "integrity": "sha1-1usaRsvMFKKy+UNBEsH/iQfzE/0="
    },
    "popper.js": {
      "version": "https://registry.npmjs.org/popper.js/-/popper.js-1.12.9.tgz",
      "integrity": "sha1-DfvC3/lsRRuzMu3Pz6r1ZtMx1bM="
    },
    "primeng": {
      "version": "5.2.0",
      "resolved": "https://registry.npmjs.org/primeng/-/primeng-5.2.0.tgz",
      "integrity": "sha512-70+QSR5bCtYV+jmqmsYIdE1pkBse/pCSgU7m71d0VNEagmyY1JNKIp9mKdL7MSbUE/fGdbqfkhkmUeP+x4N2jw=="
    },
    "rxjs": {
      "version": "https://registry.npmjs.org/rxjs/-/rxjs-5.5.6.tgz",
      "integrity": "sha1-4x+5bW/S/x/YS86orpwC0AcXnAI=",
      "requires": {
        "symbol-observable": "https://registry.npmjs.org/symbol-observable/-/symbol-observable-1.0.1.tgz"
      }
    },
    "symbol-observable": {
      "version": "https://registry.npmjs.org/symbol-observable/-/symbol-observable-1.0.1.tgz",
      "integrity": "sha1-g0D8RwLDEi310iKI+IKD9RPT/dQ="
    },
    "tether": {
      "version": "https://registry.npmjs.org/tether/-/tether-1.4.3.tgz",
      "integrity": "sha1-/VRwJMR7blybh+GID5l5kammrVQ="
    }
  }
}
