
Microsoft Visual Studio Solution File, Format Version 12.00
# Visual Studio 14
VisualStudioVersion = 14.0.25420.1
MinimumVisualStudioVersion = 10.0.40219.1
Project("{2150E333-8FDC-42A3-9474-1A3956D46DE8}") = "src", "src", "{DEA3C4CB-3514-4CEB-830A-23D28848E127}"
EndProject
Project("{2150E333-8FDC-42A3-9474-1A3956D46DE8}") = "Solution Items", "Solution Items", "{CBAF9844-04EB-4448-A1AB-0412E2BB7F4B}"
	ProjectSection(SolutionItems) = preProject
		global.json = global.json
		NuGet.config = NuGet.config
	EndProjectSection
EndProject
Project("{8BB2217D-0F2D-49D1-97BC-3654ED321F3B}") = "A2SPA", "src\A2SPA\A2SPA.xproj", "{0E8981F8-23D5-463A-8F77-4FA521FA56C3}"
EndProject
Global
	GlobalSection(SolutionConfigurationPlatforms) = preSolution
		Debug|Any CPU = Debug|Any CPU
		Release|Any CPU = Release|Any CPU
	EndGlobalSection
	GlobalSection(ProjectConfigurationPlatforms) = postSolution
		{0E8981F8-23D5-463A-8F77-4FA521FA56C3}.Debug|Any CPU.ActiveCfg = Debug|Any CPU
		{0E8981F8-23D5-463A-8F77-4FA521FA56C3}.Debug|Any CPU.Build.0 = Debug|Any CPU
		{0E8981F8-23D5-463A-8F77-4FA521FA56C3}.Release|Any CPU.ActiveCfg = Release|Any CPU
		{0E8981F8-23D5-463A-8F77-4FA521FA56C3}.Release|Any CPU.Build.0 = Release|Any CPU
	EndGlobalSection
	GlobalSection(SolutionProperties) = preSolution
		HideSolutionNode = FALSE
	EndGlobalSection
	GlobalSection(NestedProjects) = preSolution
		{0E8981F8-23D5-463A-8F77-4FA521FA56C3} = {DEA3C4CB-3514-4CEB-830A-23D28848E127}
	EndGlobalSection
EndGlobal
